
Microsoft Visual Studio Solution File, Format Version 12.00
# Visual Studio Version 17
VisualStudioVersion = 17.14.36616.10
MinimumVisualStudioVersion = 10.0.40219.1
Project("{FAE04EC0-301F-11D3-BF4B-00C04F79EFBC}") = "TorneosDeportivos.API", "TorneosDepostivos.API\TorneosDeportivos.API.csproj", "{E6A0AEA3-2B54-408D-8119-3E785172C684}"
EndProject
Project("{FAE04EC0-301F-11D3-BF4B-00C04F79EFBC}") = "TorneoDeportivo.Modelos", "TorneoDeportivo.Modelos\TorneoDeportivo.Modelos.csproj", "{FA37D202-5142-4F5E-A2DC-E72542144416}"
EndProject
Project("{FAE04EC0-301F-11D3-BF4B-00C04F79EFBC}") = "TornetosDeportivos.ApiTest", "TornetosDeportivos.ApiTest\TornetosDeportivos.ApiTest.csproj", "{FFF10679-E43A-48BA-B653-51DD32B35BEC}"
EndProject
Global
	GlobalSection(SolutionConfigurationPlatforms) = preSolution
		Debug|Any CPU = Debug|Any CPU
		Release|Any CPU = Release|Any CPU
	EndGlobalSection
	GlobalSection(ProjectConfigurationPlatforms) = postSolution
		{E6A0AEA3-2B54-408D-8119-3E785172C684}.Debug|Any CPU.ActiveCfg = Debug|Any CPU
		{E6A0AEA3-2B54-408D-8119-3E785172C684}.Debug|Any CPU.Build.0 = Debug|Any CPU
		{E6A0AEA3-2B54-408D-8119-3E785172C684}.Release|Any CPU.ActiveCfg = Release|Any CPU
		{E6A0AEA3-2B54-408D-8119-3E785172C684}.Release|Any CPU.Build.0 = Release|Any CPU
		{FA37D202-5142-4F5E-A2DC-E72542144416}.Debug|Any CPU.ActiveCfg = Debug|Any CPU
		{FA37D202-5142-4F5E-A2DC-E72542144416}.Debug|Any CPU.Build.0 = Debug|Any CPU
		{FA37D202-5142-4F5E-A2DC-E72542144416}.Release|Any CPU.ActiveCfg = Release|Any CPU
		{FA37D202-5142-4F5E-A2DC-E72542144416}.Release|Any CPU.Build.0 = Release|Any CPU
		{FFF10679-E43A-48BA-B653-51DD32B35BEC}.Debug|Any CPU.ActiveCfg = Debug|Any CPU
		{FFF10679-E43A-48BA-B653-51DD32B35BEC}.Debug|Any CPU.Build.0 = Debug|Any CPU
		{FFF10679-E43A-48BA-B653-51DD32B35BEC}.Release|Any CPU.ActiveCfg = Release|Any CPU
		{FFF10679-E43A-48BA-B653-51DD32B35BEC}.Release|Any CPU.Build.0 = Release|Any CPU
	EndGlobalSection
	GlobalSection(SolutionProperties) = preSolution
		HideSolutionNode = FALSE
	EndGlobalSection
	GlobalSection(ExtensibilityGlobals) = postSolution
		SolutionGuid = {4C120410-DFCF-4581-BAB4-A90EE4941EA8}
	EndGlobalSection
EndGlobal
